// !$*UTF8*$!
{
	archiveVersion = 1;
	classes = {
	};
	objectVersion = 52;
	objects = {

/* Begin PBXBuildFile section */
		7C0208DB26F24B4900AC6151 /* Date+Ext.swift in Sources */ = {isa = PBXBuildFile; fileRef = 7C0208DA26F24B4900AC6151 /* Date+Ext.swift */; };
		7C15DD39276D575600889FB2 /* PlaceholderView.swift in Sources */ = {isa = PBXBuildFile; fileRef = 7C15DD38276D575600889FB2 /* PlaceholderView.swift */; };
		7C1F8C82271094B50068E8B1 /* ProfitByWeekdayView.swift in Sources */ = {isa = PBXBuildFile; fileRef = 7C1F8C81271094B50068E8B1 /* ProfitByWeekdayView.swift */; };
		7C20CFB2271E2D1600739764 /* OnboardingView.swift in Sources */ = {isa = PBXBuildFile; fileRef = 7C20CFB1271E2D1600739764 /* OnboardingView.swift */; };
		7C20CFB4271F4EB700739764 /* SecondaryButton.swift in Sources */ = {isa = PBXBuildFile; fileRef = 7C20CFB3271F4EB700739764 /* SecondaryButton.swift */; };
		7C25CB5327887D9200866511 /* CustomPicker.swift in Sources */ = {isa = PBXBuildFile; fileRef = 7C25CB5227887D9200866511 /* CustomPicker.swift */; };
		7C2B3E6626F5488E00B84D52 /* PrimaryButton.swift in Sources */ = {isa = PBXBuildFile; fileRef = 7C2B3E6526F5488E00B84D52 /* PrimaryButton.swift */; };
		7C2B3E6926F565B200B84D52 /* EmptyState.swift in Sources */ = {isa = PBXBuildFile; fileRef = 7C2B3E6826F565B200B84D52 /* EmptyState.swift */; };
		7C2FC657273EF1E600E3BE0B /* ProfitByStakesView.swift in Sources */ = {isa = PBXBuildFile; fileRef = 7C2FC656273EF1E600E3BE0B /* ProfitByStakesView.swift */; };
		7C3F43AA27284CD800A9C842 /* NumberFormatter.swift in Sources */ = {isa = PBXBuildFile; fileRef = 7C3F43A927284CD800A9C842 /* NumberFormatter.swift */; };
		7C3F43AC2728512700A9C842 /* LocationModel.swift in Sources */ = {isa = PBXBuildFile; fileRef = 7C3F43AB2728512700A9C842 /* LocationModel.swift */; };
		7C4254A12784E25C00B5DA79 /* ProfitByYear.swift in Sources */ = {isa = PBXBuildFile; fileRef = 7C4254A02784E25C00B5DA79 /* ProfitByYear.swift */; };
		7C45E1FA289AD8AC005D89CF /* StudyDetailView.swift in Sources */ = {isa = PBXBuildFile; fileRef = 7C45E1F9289AD8AC005D89CF /* StudyDetailView.swift */; };
		7C468EFB273974E6000CA4B3 /* BarGraphView.swift in Sources */ = {isa = PBXBuildFile; fileRef = 7C468EFA273974E6000CA4B3 /* BarGraphView.swift */; };
		7C468EFD273980F7000CA4B3 /* Animations+Ext.swift in Sources */ = {isa = PBXBuildFile; fileRef = 7C468EFC273980F7000CA4B3 /* Animations+Ext.swift */; };
		7C483256270E3F32005AAFA1 /* FilterCardView.swift in Sources */ = {isa = PBXBuildFile; fileRef = 7C483255270E3F32005AAFA1 /* FilterCardView.swift */; };
		7C4CE70227729E4D0070B16E /* UIWindow+Ext.swift in Sources */ = {isa = PBXBuildFile; fileRef = 7C4CE70127729E4D0070B16E /* UIWindow+Ext.swift */; };
		7C4CE7042773560D0070B16E /* DefaultLocations.swift in Sources */ = {isa = PBXBuildFile; fileRef = 7C4CE7032773560D0070B16E /* DefaultLocations.swift */; };
		7C4CE7062773B2330070B16E /* LaunchScreen.storyboard in Resources */ = {isa = PBXBuildFile; fileRef = 7C4CE7052773B2330070B16E /* LaunchScreen.storyboard */; };
		7C5997AB27872FCF00966764 /* ProfitByYearViewModel.swift in Sources */ = {isa = PBXBuildFile; fileRef = 7C5997AA27872FCF00966764 /* ProfitByYearViewModel.swift */; };
		7C5EDA1828906F25008ACFEF /* EditLocationView.swift in Sources */ = {isa = PBXBuildFile; fileRef = 7C5EDA1728906F25008ACFEF /* EditLocationView.swift */; };
		7C63949626C14E8300939F40 /* LeftPocketApp.swift in Sources */ = {isa = PBXBuildFile; fileRef = 7C63949526C14E8300939F40 /* LeftPocketApp.swift */; };
		7C63949826C14E8300939F40 /* ContentView.swift in Sources */ = {isa = PBXBuildFile; fileRef = 7C63949726C14E8300939F40 /* ContentView.swift */; };
		7C63949A26C14E8400939F40 /* Assets.xcassets in Resources */ = {isa = PBXBuildFile; fileRef = 7C63949926C14E8400939F40 /* Assets.xcassets */; };
		7C63949D26C14E8400939F40 /* Preview Assets.xcassets in Resources */ = {isa = PBXBuildFile; fileRef = 7C63949C26C14E8400939F40 /* Preview Assets.xcassets */; };
		7C6394A726C14F5600939F40 /* MetricsView.swift in Sources */ = {isa = PBXBuildFile; fileRef = 7C6394A626C14F5600939F40 /* MetricsView.swift */; };
		7C6394A926C14F6400939F40 /* SessionsListView.swift in Sources */ = {isa = PBXBuildFile; fileRef = 7C6394A826C14F6400939F40 /* SessionsListView.swift */; };
		7C6394AB26C14F6B00939F40 /* SettingsView.swift in Sources */ = {isa = PBXBuildFile; fileRef = 7C6394AA26C14F6B00939F40 /* SettingsView.swift */; };
		7C6394AD26C14FA600939F40 /* HeaderView.swift in Sources */ = {isa = PBXBuildFile; fileRef = 7C6394AC26C14FA600939F40 /* HeaderView.swift */; };
		7C65B188272C3A5A00AFE796 /* NewLocationView.swift in Sources */ = {isa = PBXBuildFile; fileRef = 7C65B187272C3A5A00AFE796 /* NewLocationView.swift */; };
		7C68FE3F26D670100019BA53 /* LeftPocketTabView.swift in Sources */ = {isa = PBXBuildFile; fileRef = 7C68FE3E26D670100019BA53 /* LeftPocketTabView.swift */; };
		7C68FE4126D709530019BA53 /* PlusButton.swift in Sources */ = {isa = PBXBuildFile; fileRef = 7C68FE4026D709530019BA53 /* PlusButton.swift */; };
		7C68FE4326D7CEA40019BA53 /* RecentSessionCardView.swift in Sources */ = {isa = PBXBuildFile; fileRef = 7C68FE4226D7CEA40019BA53 /* RecentSessionCardView.swift */; };
		7C7B2F8B26D5A2A90069F9C5 /* SessionListViewModel.swift in Sources */ = {isa = PBXBuildFile; fileRef = 7C7B2F8A26D5A2A90069F9C5 /* SessionListViewModel.swift */; };
		7C7F4F6E270E610E002ECF6D /* ProfitByLocationView.swift in Sources */ = {isa = PBXBuildFile; fileRef = 7C7F4F6D270E610E002ECF6D /* ProfitByLocationView.swift */; };
		7C8134C02729F1BE004E1CE1 /* ProfitByMonth.swift in Sources */ = {isa = PBXBuildFile; fileRef = 7C8134BF2729F1BE004E1CE1 /* ProfitByMonth.swift */; };
		7C8134C3272A13B6004E1CE1 /* ViewModifiers.swift in Sources */ = {isa = PBXBuildFile; fileRef = 7C8134C2272A13B6004E1CE1 /* ViewModifiers.swift */; };
		7C8834102735BB5D0093B201 /* NewLocationViewModel.swift in Sources */ = {isa = PBXBuildFile; fileRef = 7C88340F2735BB5D0093B201 /* NewLocationViewModel.swift */; };
		7C897F192891BC1700E42FDA /* LocationsListView.swift in Sources */ = {isa = PBXBuildFile; fileRef = 7C897F182891BC1700E42FDA /* LocationsListView.swift */; };
		7CB3EB9D26C3093D009E8DF3 /* CellView.swift in Sources */ = {isa = PBXBuildFile; fileRef = 7CB3EB9C26C3093D009E8DF3 /* CellView.swift */; };
		7CB3EB9F26C310F5009E8DF3 /* SessionDetailView.swift in Sources */ = {isa = PBXBuildFile; fileRef = 7CB3EB9E26C310F5009E8DF3 /* SessionDetailView.swift */; };
		7CB3EBA126C345A1009E8DF3 /* MetricsCardView.swift in Sources */ = {isa = PBXBuildFile; fileRef = 7CB3EBA026C345A1009E8DF3 /* MetricsCardView.swift */; };
		7CB3EBA326C3485C009E8DF3 /* NewSessionView.swift in Sources */ = {isa = PBXBuildFile; fileRef = 7CB3EBA226C3485C009E8DF3 /* NewSessionView.swift */; };
		7CB3EBA526C352C6009E8DF3 /* Model.swift in Sources */ = {isa = PBXBuildFile; fileRef = 7CB3EBA426C352C6009E8DF3 /* Model.swift */; };
		7CBBE474277BA7B400986613 /* LineChartProvider.swift in Sources */ = {isa = PBXBuildFile; fileRef = 7CBBE473277BA7B400986613 /* LineChartProvider.swift */; };
		7CBEF44427596A6600744F4A /* CustomChartView.swift in Sources */ = {isa = PBXBuildFile; fileRef = 7CBEF44327596A6600744F4A /* CustomChartView.swift */; };
		7CBEF44627596DEE00744F4A /* Colors+Ext.swift in Sources */ = {isa = PBXBuildFile; fileRef = 7CBEF44527596DEE00744F4A /* Colors+Ext.swift */; };
		7CC20EB1272B183E00137F51 /* SwiftUICharts in Frameworks */ = {isa = PBXBuildFile; productRef = 7CC20EB0272B183E00137F51 /* SwiftUICharts */; };
		7CC20EB3272B19D200137F51 /* HelpView.swift in Sources */ = {isa = PBXBuildFile; fileRef = 7CC20EB2272B19D200137F51 /* HelpView.swift */; };
		7CCE17D526D9A07300B9F6CC /* NewSessionViewModel.swift in Sources */ = {isa = PBXBuildFile; fileRef = 7CCE17D426D9A07300B9F6CC /* NewSessionViewModel.swift */; };
		7CDB04812776141C008C5233 /* AppReviewRequest.swift in Sources */ = {isa = PBXBuildFile; fileRef = 7CDB04802776141C008C5233 /* AppReviewRequest.swift */; };
		7CDFBFA827FF2D5200BC85A1 /* NewChartView.swift in Sources */ = {isa = PBXBuildFile; fileRef = 7CDFBFA727FF2D5200BC85A1 /* NewChartView.swift */; };
		7CEB761F26D9A77E006170EF /* Alerts.swift in Sources */ = {isa = PBXBuildFile; fileRef = 7CEB761E26D9A77E006170EF /* Alerts.swift */; };
		7CEC885727298ECE00A9DAB7 /* EmptyStateMetricsBankroll.swift in Sources */ = {isa = PBXBuildFile; fileRef = 7CEC885627298ECE00A9DAB7 /* EmptyStateMetricsBankroll.swift */; };
		7CED6EA827517D7F00E18053 /* Array+Ext.swift in Sources */ = {isa = PBXBuildFile; fileRef = 7CED6EA727517D7F00E18053 /* Array+Ext.swift */; };
		7CF53F1C289A9CE500C26AD5 /* StudyView.swift in Sources */ = {isa = PBXBuildFile; fileRef = 7CF53F1B289A9CE500C26AD5 /* StudyView.swift */; };
		7CF53F1E289A9EA300C26AD5 /* StudyCardView.swift in Sources */ = {isa = PBXBuildFile; fileRef = 7CF53F1D289A9EA300C26AD5 /* StudyCardView.swift */; };
		7CFD0D7B26ECD8AA000C7C0E /* DismissButton.swift in Sources */ = {isa = PBXBuildFile; fileRef = 7CFD0D7A26ECD8AA000C7C0E /* DismissButton.swift */; };
/* End PBXBuildFile section */

/* Begin PBXFileReference section */
		7C0208DA26F24B4900AC6151 /* Date+Ext.swift */ = {isa = PBXFileReference; lastKnownFileType = sourcecode.swift; path = "Date+Ext.swift"; sourceTree = "<group>"; };
		7C15DD38276D575600889FB2 /* PlaceholderView.swift */ = {isa = PBXFileReference; lastKnownFileType = sourcecode.swift; path = PlaceholderView.swift; sourceTree = "<group>"; };
		7C1F8C81271094B50068E8B1 /* ProfitByWeekdayView.swift */ = {isa = PBXFileReference; fileEncoding = 4; lastKnownFileType = sourcecode.swift; path = ProfitByWeekdayView.swift; sourceTree = "<group>"; };
		7C20CFB1271E2D1600739764 /* OnboardingView.swift */ = {isa = PBXFileReference; lastKnownFileType = sourcecode.swift; path = OnboardingView.swift; sourceTree = "<group>"; };
		7C20CFB3271F4EB700739764 /* SecondaryButton.swift */ = {isa = PBXFileReference; lastKnownFileType = sourcecode.swift; path = SecondaryButton.swift; sourceTree = "<group>"; };
		7C25CB5227887D9200866511 /* CustomPicker.swift */ = {isa = PBXFileReference; lastKnownFileType = sourcecode.swift; path = CustomPicker.swift; sourceTree = "<group>"; };
		7C2B3E6526F5488E00B84D52 /* PrimaryButton.swift */ = {isa = PBXFileReference; lastKnownFileType = sourcecode.swift; path = PrimaryButton.swift; sourceTree = "<group>"; };
		7C2B3E6826F565B200B84D52 /* EmptyState.swift */ = {isa = PBXFileReference; lastKnownFileType = sourcecode.swift; path = EmptyState.swift; sourceTree = "<group>"; };
		7C2FC656273EF1E600E3BE0B /* ProfitByStakesView.swift */ = {isa = PBXFileReference; lastKnownFileType = sourcecode.swift; path = ProfitByStakesView.swift; sourceTree = "<group>"; };
		7C3F43A927284CD800A9C842 /* NumberFormatter.swift */ = {isa = PBXFileReference; lastKnownFileType = sourcecode.swift; path = NumberFormatter.swift; sourceTree = "<group>"; };
		7C3F43AB2728512700A9C842 /* LocationModel.swift */ = {isa = PBXFileReference; lastKnownFileType = sourcecode.swift; path = LocationModel.swift; sourceTree = "<group>"; };
		7C4254A02784E25C00B5DA79 /* ProfitByYear.swift */ = {isa = PBXFileReference; lastKnownFileType = sourcecode.swift; path = ProfitByYear.swift; sourceTree = "<group>"; };
		7C45E1F9289AD8AC005D89CF /* StudyDetailView.swift */ = {isa = PBXFileReference; lastKnownFileType = sourcecode.swift; path = StudyDetailView.swift; sourceTree = "<group>"; };
		7C468EFA273974E6000CA4B3 /* BarGraphView.swift */ = {isa = PBXFileReference; lastKnownFileType = sourcecode.swift; path = BarGraphView.swift; sourceTree = "<group>"; };
		7C468EFC273980F7000CA4B3 /* Animations+Ext.swift */ = {isa = PBXFileReference; lastKnownFileType = sourcecode.swift; path = "Animations+Ext.swift"; sourceTree = "<group>"; };
		7C483255270E3F32005AAFA1 /* FilterCardView.swift */ = {isa = PBXFileReference; lastKnownFileType = sourcecode.swift; path = FilterCardView.swift; sourceTree = "<group>"; };
		7C4CE70127729E4D0070B16E /* UIWindow+Ext.swift */ = {isa = PBXFileReference; lastKnownFileType = sourcecode.swift; path = "UIWindow+Ext.swift"; sourceTree = "<group>"; };
		7C4CE7032773560D0070B16E /* DefaultLocations.swift */ = {isa = PBXFileReference; lastKnownFileType = sourcecode.swift; path = DefaultLocations.swift; sourceTree = "<group>"; };
		7C4CE7052773B2330070B16E /* LaunchScreen.storyboard */ = {isa = PBXFileReference; lastKnownFileType = file.storyboard; path = LaunchScreen.storyboard; sourceTree = "<group>"; };
		7C5997AA27872FCF00966764 /* ProfitByYearViewModel.swift */ = {isa = PBXFileReference; lastKnownFileType = sourcecode.swift; path = ProfitByYearViewModel.swift; sourceTree = "<group>"; };
		7C5EDA1728906F25008ACFEF /* EditLocationView.swift */ = {isa = PBXFileReference; lastKnownFileType = sourcecode.swift; path = EditLocationView.swift; sourceTree = "<group>"; };
		7C63949226C14E8300939F40 /* LeftPocket.app */ = {isa = PBXFileReference; explicitFileType = wrapper.application; includeInIndex = 0; path = LeftPocket.app; sourceTree = BUILT_PRODUCTS_DIR; };
		7C63949526C14E8300939F40 /* LeftPocketApp.swift */ = {isa = PBXFileReference; lastKnownFileType = sourcecode.swift; path = LeftPocketApp.swift; sourceTree = "<group>"; };
		7C63949726C14E8300939F40 /* ContentView.swift */ = {isa = PBXFileReference; lastKnownFileType = sourcecode.swift; path = ContentView.swift; sourceTree = "<group>"; };
		7C63949926C14E8400939F40 /* Assets.xcassets */ = {isa = PBXFileReference; lastKnownFileType = folder.assetcatalog; path = Assets.xcassets; sourceTree = "<group>"; };
		7C63949C26C14E8400939F40 /* Preview Assets.xcassets */ = {isa = PBXFileReference; lastKnownFileType = folder.assetcatalog; path = "Preview Assets.xcassets"; sourceTree = "<group>"; };
		7C63949E26C14E8400939F40 /* Info.plist */ = {isa = PBXFileReference; lastKnownFileType = text.plist.xml; path = Info.plist; sourceTree = "<group>"; };
		7C6394A626C14F5600939F40 /* MetricsView.swift */ = {isa = PBXFileReference; lastKnownFileType = sourcecode.swift; path = MetricsView.swift; sourceTree = "<group>"; };
		7C6394A826C14F6400939F40 /* SessionsListView.swift */ = {isa = PBXFileReference; lastKnownFileType = sourcecode.swift; path = SessionsListView.swift; sourceTree = "<group>"; };
		7C6394AA26C14F6B00939F40 /* SettingsView.swift */ = {isa = PBXFileReference; lastKnownFileType = sourcecode.swift; path = SettingsView.swift; sourceTree = "<group>"; };
		7C6394AC26C14FA600939F40 /* HeaderView.swift */ = {isa = PBXFileReference; lastKnownFileType = sourcecode.swift; path = HeaderView.swift; sourceTree = "<group>"; };
		7C65B187272C3A5A00AFE796 /* NewLocationView.swift */ = {isa = PBXFileReference; lastKnownFileType = sourcecode.swift; path = NewLocationView.swift; sourceTree = "<group>"; };
		7C68FE3E26D670100019BA53 /* LeftPocketTabView.swift */ = {isa = PBXFileReference; lastKnownFileType = sourcecode.swift; path = LeftPocketTabView.swift; sourceTree = "<group>"; };
		7C68FE4026D709530019BA53 /* PlusButton.swift */ = {isa = PBXFileReference; lastKnownFileType = sourcecode.swift; path = PlusButton.swift; sourceTree = "<group>"; };
		7C68FE4226D7CEA40019BA53 /* RecentSessionCardView.swift */ = {isa = PBXFileReference; fileEncoding = 4; lastKnownFileType = sourcecode.swift; path = RecentSessionCardView.swift; sourceTree = "<group>"; };
		7C7B2F8A26D5A2A90069F9C5 /* SessionListViewModel.swift */ = {isa = PBXFileReference; lastKnownFileType = sourcecode.swift; path = SessionListViewModel.swift; sourceTree = "<group>"; };
		7C7F4F6D270E610E002ECF6D /* ProfitByLocationView.swift */ = {isa = PBXFileReference; lastKnownFileType = sourcecode.swift; path = ProfitByLocationView.swift; sourceTree = "<group>"; };
		7C8134BF2729F1BE004E1CE1 /* ProfitByMonth.swift */ = {isa = PBXFileReference; lastKnownFileType = sourcecode.swift; path = ProfitByMonth.swift; sourceTree = "<group>"; };
		7C8134C2272A13B6004E1CE1 /* ViewModifiers.swift */ = {isa = PBXFileReference; lastKnownFileType = sourcecode.swift; path = ViewModifiers.swift; sourceTree = "<group>"; };
		7C88340F2735BB5D0093B201 /* NewLocationViewModel.swift */ = {isa = PBXFileReference; lastKnownFileType = sourcecode.swift; path = NewLocationViewModel.swift; sourceTree = "<group>"; };
		7C897F182891BC1700E42FDA /* LocationsListView.swift */ = {isa = PBXFileReference; lastKnownFileType = sourcecode.swift; path = LocationsListView.swift; sourceTree = "<group>"; };
		7CB3EB9C26C3093D009E8DF3 /* CellView.swift */ = {isa = PBXFileReference; lastKnownFileType = sourcecode.swift; path = CellView.swift; sourceTree = "<group>"; };
		7CB3EB9E26C310F5009E8DF3 /* SessionDetailView.swift */ = {isa = PBXFileReference; lastKnownFileType = sourcecode.swift; path = SessionDetailView.swift; sourceTree = "<group>"; };
		7CB3EBA026C345A1009E8DF3 /* MetricsCardView.swift */ = {isa = PBXFileReference; lastKnownFileType = sourcecode.swift; path = MetricsCardView.swift; sourceTree = "<group>"; };
		7CB3EBA226C3485C009E8DF3 /* NewSessionView.swift */ = {isa = PBXFileReference; lastKnownFileType = sourcecode.swift; path = NewSessionView.swift; sourceTree = "<group>"; };
		7CB3EBA426C352C6009E8DF3 /* Model.swift */ = {isa = PBXFileReference; lastKnownFileType = sourcecode.swift; path = Model.swift; sourceTree = "<group>"; };
		7CBBE473277BA7B400986613 /* LineChartProvider.swift */ = {isa = PBXFileReference; lastKnownFileType = sourcecode.swift; path = LineChartProvider.swift; sourceTree = "<group>"; };
		7CBEF44327596A6600744F4A /* CustomChartView.swift */ = {isa = PBXFileReference; lastKnownFileType = sourcecode.swift; path = CustomChartView.swift; sourceTree = "<group>"; };
		7CBEF44527596DEE00744F4A /* Colors+Ext.swift */ = {isa = PBXFileReference; lastKnownFileType = sourcecode.swift; path = "Colors+Ext.swift"; sourceTree = "<group>"; };
		7CC20EB2272B19D200137F51 /* HelpView.swift */ = {isa = PBXFileReference; lastKnownFileType = sourcecode.swift; path = HelpView.swift; sourceTree = "<group>"; };
		7CCE17D426D9A07300B9F6CC /* NewSessionViewModel.swift */ = {isa = PBXFileReference; lastKnownFileType = sourcecode.swift; path = NewSessionViewModel.swift; sourceTree = "<group>"; };
		7CDB04802776141C008C5233 /* AppReviewRequest.swift */ = {isa = PBXFileReference; lastKnownFileType = sourcecode.swift; path = AppReviewRequest.swift; sourceTree = "<group>"; };
		7CDFBFA727FF2D5200BC85A1 /* NewChartView.swift */ = {isa = PBXFileReference; lastKnownFileType = sourcecode.swift; path = NewChartView.swift; sourceTree = "<group>"; };
		7CEB761E26D9A77E006170EF /* Alerts.swift */ = {isa = PBXFileReference; lastKnownFileType = sourcecode.swift; path = Alerts.swift; sourceTree = "<group>"; };
		7CEC885627298ECE00A9DAB7 /* EmptyStateMetricsBankroll.swift */ = {isa = PBXFileReference; lastKnownFileType = sourcecode.swift; path = EmptyStateMetricsBankroll.swift; sourceTree = "<group>"; };
		7CED6EA727517D7F00E18053 /* Array+Ext.swift */ = {isa = PBXFileReference; lastKnownFileType = sourcecode.swift; path = "Array+Ext.swift"; sourceTree = "<group>"; };
		7CF53F1B289A9CE500C26AD5 /* StudyView.swift */ = {isa = PBXFileReference; lastKnownFileType = sourcecode.swift; path = StudyView.swift; sourceTree = "<group>"; };
		7CF53F1D289A9EA300C26AD5 /* StudyCardView.swift */ = {isa = PBXFileReference; lastKnownFileType = sourcecode.swift; path = StudyCardView.swift; sourceTree = "<group>"; };
		7CFD0D7A26ECD8AA000C7C0E /* DismissButton.swift */ = {isa = PBXFileReference; lastKnownFileType = sourcecode.swift; path = DismissButton.swift; sourceTree = "<group>"; };
/* End PBXFileReference section */

/* Begin PBXFrameworksBuildPhase section */
		7C63948F26C14E8300939F40 /* Frameworks */ = {
			isa = PBXFrameworksBuildPhase;
			buildActionMask = 2147483647;
			files = (
				7CC20EB1272B183E00137F51 /* SwiftUICharts in Frameworks */,
			);
			runOnlyForDeploymentPostprocessing = 0;
		};
/* End PBXFrameworksBuildPhase section */

/* Begin PBXGroup section */
		7C1F8C7E2710943B0068E8B1 /* ProfitByWeekdayView */ = {
			isa = PBXGroup;
			children = (
				7C1F8C81271094B50068E8B1 /* ProfitByWeekdayView.swift */,
			);
			path = ProfitByWeekdayView;
			sourceTree = "<group>";
		};
		7C2614CA26D930BA00986183 /* Utilities */ = {
			isa = PBXGroup;
			children = (
				7C8134C1272A139D004E1CE1 /* ViewModifiers */,
				7C27D8D226F9176E001C43B4 /* Alerts */,
				7C2614CB26D930C100986183 /* Extensions */,
			);
			path = Utilities;
			sourceTree = "<group>";
		};
		7C2614CB26D930C100986183 /* Extensions */ = {
			isa = PBXGroup;
			children = (
				7C468EFC273980F7000CA4B3 /* Animations+Ext.swift */,
				7C0208DA26F24B4900AC6151 /* Date+Ext.swift */,
				7C3F43A927284CD800A9C842 /* NumberFormatter.swift */,
				7CED6EA727517D7F00E18053 /* Array+Ext.swift */,
				7CBEF44527596DEE00744F4A /* Colors+Ext.swift */,
				7C4CE70127729E4D0070B16E /* UIWindow+Ext.swift */,
			);
			path = Extensions;
			sourceTree = "<group>";
		};
		7C2614CC26D930D900986183 /* Screens */ = {
			isa = PBXGroup;
			children = (
				7C2FC654273EC04C00E3BE0B /* BarGraphView */,
				7C2614CD26D9310E00986183 /* CardViews */,
				7CDFBFA627FF2D3B00BC85A1 /* NewChart */,
				7CBBE472277BA79500986613 /* CustomChartView */,
				7C897F172891BBFB00E42FDA /* LocationListView */,
				7C5EDA1428905AB7008ACFEF /* EditLocationView */,
				7C2B3E6726F5659600B84D52 /* EmptyStates */,
				7C82E13126EFC83F00E3EB6F /* MetricsView */,
				7C65B186272C3A4300AFE796 /* NewLocationView */,
				7C82E13326EFC86A00E3EB6F /* NewSessionView */,
				7C2FC655273EF1CE00E3BE0B /* ProfitByStakesView */,
				7C7F4F6C270E60F3002ECF6D /* ProfitByLocationView */,
				7C8134BE2729F1A8004E1CE1 /* ProfitByMonth */,
				7C1F8C7E2710943B0068E8B1 /* ProfitByWeekdayView */,
				7C42549F2784E21C00B5DA79 /* ProfitByYear */,
				7C82E13226EFC84E00E3EB6F /* SessionDetailView */,
				7C2614CE26D9313E00986183 /* SessionsListView */,
				7C82E13426EFC87D00E3EB6F /* SettingsView */,
				7CF53F1A289A9CCF00C26AD5 /* StudyView */,
				7C63949726C14E8300939F40 /* ContentView.swift */,
			);
			path = Screens;
			sourceTree = "<group>";
		};
		7C2614CD26D9310E00986183 /* CardViews */ = {
			isa = PBXGroup;
			children = (
				7C483255270E3F32005AAFA1 /* FilterCardView.swift */,
				7CB3EBA026C345A1009E8DF3 /* MetricsCardView.swift */,
				7C68FE4226D7CEA40019BA53 /* RecentSessionCardView.swift */,
				7CF53F1D289A9EA300C26AD5 /* StudyCardView.swift */,
			);
			path = CardViews;
			sourceTree = "<group>";
		};
		7C2614CE26D9313E00986183 /* SessionsListView */ = {
			isa = PBXGroup;
			children = (
				7C6394A826C14F6400939F40 /* SessionsListView.swift */,
				7C7B2F8A26D5A2A90069F9C5 /* SessionListViewModel.swift */,
			);
			path = SessionsListView;
			sourceTree = "<group>";
		};
		7C2614CF26D9315F00986183 /* Views */ = {
			isa = PBXGroup;
			children = (
				7CB3EB9C26C3093D009E8DF3 /* CellView.swift */,
				7C25CB5227887D9200866511 /* CustomPicker.swift */,
				7CFD0D7A26ECD8AA000C7C0E /* DismissButton.swift */,
				7C6394AC26C14FA600939F40 /* HeaderView.swift */,
				7CC20EB2272B19D200137F51 /* HelpView.swift */,
				7C20CFB1271E2D1600739764 /* OnboardingView.swift */,
				7C15DD38276D575600889FB2 /* PlaceholderView.swift */,
				7C68FE4026D709530019BA53 /* PlusButton.swift */,
				7C2B3E6526F5488E00B84D52 /* PrimaryButton.swift */,
				7C20CFB3271F4EB700739764 /* SecondaryButton.swift */,
				7C4CE7052773B2330070B16E /* LaunchScreen.storyboard */,
			);
			path = Views;
			sourceTree = "<group>";
		};
		7C2614D026D9318A00986183 /* Model */ = {
			isa = PBXGroup;
			children = (
				7CB3EBA426C352C6009E8DF3 /* Model.swift */,
				7C3F43AB2728512700A9C842 /* LocationModel.swift */,
				7C4CE7032773560D0070B16E /* DefaultLocations.swift */,
			);
			path = Model;
			sourceTree = "<group>";
		};
		7C27D8D226F9176E001C43B4 /* Alerts */ = {
			isa = PBXGroup;
			children = (
				7CEB761E26D9A77E006170EF /* Alerts.swift */,
				7CDB04802776141C008C5233 /* AppReviewRequest.swift */,
			);
			path = Alerts;
			sourceTree = "<group>";
		};
		7C2B3E6726F5659600B84D52 /* EmptyStates */ = {
			isa = PBXGroup;
			children = (
				7C2B3E6826F565B200B84D52 /* EmptyState.swift */,
				7CEC885627298ECE00A9DAB7 /* EmptyStateMetricsBankroll.swift */,
			);
			path = EmptyStates;
			sourceTree = "<group>";
		};
		7C2FC654273EC04C00E3BE0B /* BarGraphView */ = {
			isa = PBXGroup;
			children = (
				7C468EFA273974E6000CA4B3 /* BarGraphView.swift */,
			);
			path = BarGraphView;
			sourceTree = "<group>";
		};
		7C2FC655273EF1CE00E3BE0B /* ProfitByStakesView */ = {
			isa = PBXGroup;
			children = (
				7C2FC656273EF1E600E3BE0B /* ProfitByStakesView.swift */,
			);
			path = ProfitByStakesView;
			sourceTree = "<group>";
		};
		7C42549F2784E21C00B5DA79 /* ProfitByYear */ = {
			isa = PBXGroup;
			children = (
				7C4254A02784E25C00B5DA79 /* ProfitByYear.swift */,
				7C5997AA27872FCF00966764 /* ProfitByYearViewModel.swift */,
			);
			path = ProfitByYear;
			sourceTree = "<group>";
		};
		7C5EDA1428905AB7008ACFEF /* EditLocationView */ = {
			isa = PBXGroup;
			children = (
				7C5EDA1728906F25008ACFEF /* EditLocationView.swift */,
			);
			path = EditLocationView;
			sourceTree = "<group>";
		};
		7C63948926C14E8300939F40 = {
			isa = PBXGroup;
			children = (
				7C63949426C14E8300939F40 /* PokerTracker */,
				7C63949326C14E8300939F40 /* Products */,
			);
			sourceTree = "<group>";
		};
		7C63949326C14E8300939F40 /* Products */ = {
			isa = PBXGroup;
			children = (
				7C63949226C14E8300939F40 /* LeftPocket.app */,
			);
			name = Products;
			sourceTree = "<group>";
		};
		7C63949426C14E8300939F40 /* PokerTracker */ = {
			isa = PBXGroup;
			children = (
				7C63949526C14E8300939F40 /* LeftPocketApp.swift */,
				7C68FE3E26D670100019BA53 /* LeftPocketTabView.swift */,
				7C2614CF26D9315F00986183 /* Views */,
				7C2614CC26D930D900986183 /* Screens */,
				7C2614D026D9318A00986183 /* Model */,
				7C2614CA26D930BA00986183 /* Utilities */,
				7C63949B26C14E8400939F40 /* Preview Content */,
				7C63949926C14E8400939F40 /* Assets.xcassets */,
				7C63949E26C14E8400939F40 /* Info.plist */,
			);
			path = PokerTracker;
			sourceTree = "<group>";
		};
		7C63949B26C14E8400939F40 /* Preview Content */ = {
			isa = PBXGroup;
			children = (
				7C63949C26C14E8400939F40 /* Preview Assets.xcassets */,
			);
			path = "Preview Content";
			sourceTree = "<group>";
		};
		7C65B186272C3A4300AFE796 /* NewLocationView */ = {
			isa = PBXGroup;
			children = (
				7C65B187272C3A5A00AFE796 /* NewLocationView.swift */,
				7C88340F2735BB5D0093B201 /* NewLocationViewModel.swift */,
			);
			path = NewLocationView;
			sourceTree = "<group>";
		};
		7C7F4F6C270E60F3002ECF6D /* ProfitByLocationView */ = {
			isa = PBXGroup;
			children = (
				7C7F4F6D270E610E002ECF6D /* ProfitByLocationView.swift */,
			);
			path = ProfitByLocationView;
			sourceTree = "<group>";
		};
		7C8134BE2729F1A8004E1CE1 /* ProfitByMonth */ = {
			isa = PBXGroup;
			children = (
				7C8134BF2729F1BE004E1CE1 /* ProfitByMonth.swift */,
			);
			path = ProfitByMonth;
			sourceTree = "<group>";
		};
		7C8134C1272A139D004E1CE1 /* ViewModifiers */ = {
			isa = PBXGroup;
			children = (
				7C8134C2272A13B6004E1CE1 /* ViewModifiers.swift */,
			);
			path = ViewModifiers;
			sourceTree = "<group>";
		};
		7C82E13126EFC83F00E3EB6F /* MetricsView */ = {
			isa = PBXGroup;
			children = (
				7C6394A626C14F5600939F40 /* MetricsView.swift */,
			);
			path = MetricsView;
			sourceTree = "<group>";
		};
		7C82E13226EFC84E00E3EB6F /* SessionDetailView */ = {
			isa = PBXGroup;
			children = (
				7CB3EB9E26C310F5009E8DF3 /* SessionDetailView.swift */,
			);
			path = SessionDetailView;
			sourceTree = "<group>";
		};
		7C82E13326EFC86A00E3EB6F /* NewSessionView */ = {
			isa = PBXGroup;
			children = (
				7CB3EBA226C3485C009E8DF3 /* NewSessionView.swift */,
				7CCE17D426D9A07300B9F6CC /* NewSessionViewModel.swift */,
			);
			path = NewSessionView;
			sourceTree = "<group>";
		};
		7C82E13426EFC87D00E3EB6F /* SettingsView */ = {
			isa = PBXGroup;
			children = (
				7C6394AA26C14F6B00939F40 /* SettingsView.swift */,
			);
			path = SettingsView;
			sourceTree = "<group>";
		};
		7C897F172891BBFB00E42FDA /* LocationListView */ = {
			isa = PBXGroup;
			children = (
				7C897F182891BC1700E42FDA /* LocationsListView.swift */,
			);
			path = LocationListView;
			sourceTree = "<group>";
		};
		7CBBE472277BA79500986613 /* CustomChartView */ = {
			isa = PBXGroup;
			children = (
				7CBEF44327596A6600744F4A /* CustomChartView.swift */,
				7CBBE473277BA7B400986613 /* LineChartProvider.swift */,
			);
			path = CustomChartView;
			sourceTree = "<group>";
		};
		7CDFBFA627FF2D3B00BC85A1 /* NewChart */ = {
			isa = PBXGroup;
			children = (
				7CDFBFA727FF2D5200BC85A1 /* NewChartView.swift */,
			);
			path = NewChart;
			sourceTree = "<group>";
		};
		7CF53F1A289A9CCF00C26AD5 /* StudyView */ = {
			isa = PBXGroup;
			children = (
				7CF53F1B289A9CE500C26AD5 /* StudyView.swift */,
				7C45E1F9289AD8AC005D89CF /* StudyDetailView.swift */,
			);
			path = StudyView;
			sourceTree = "<group>";
		};
/* End PBXGroup section */

/* Begin PBXNativeTarget section */
		7C63949126C14E8300939F40 /* LeftPocket */ = {
			isa = PBXNativeTarget;
			buildConfigurationList = 7C6394A126C14E8400939F40 /* Build configuration list for PBXNativeTarget "LeftPocket" */;
			buildPhases = (
				7C63948E26C14E8300939F40 /* Sources */,
				7C63948F26C14E8300939F40 /* Frameworks */,
				7C63949026C14E8300939F40 /* Resources */,
			);
			buildRules = (
			);
			dependencies = (
			);
			name = LeftPocket;
			packageProductDependencies = (
				7CC20EB0272B183E00137F51 /* SwiftUICharts */,
			);
			productName = PokerTracker;
			productReference = 7C63949226C14E8300939F40 /* LeftPocket.app */;
			productType = "com.apple.product-type.application";
		};
/* End PBXNativeTarget section */

/* Begin PBXProject section */
		7C63948A26C14E8300939F40 /* Project object */ = {
			isa = PBXProject;
			attributes = {
				LastSwiftUpdateCheck = 1250;
				LastUpgradeCheck = 1250;
				TargetAttributes = {
					7C63949126C14E8300939F40 = {
						CreatedOnToolsVersion = 12.5.1;
					};
				};
			};
			buildConfigurationList = 7C63948D26C14E8300939F40 /* Build configuration list for PBXProject "LeftPocket" */;
			compatibilityVersion = "Xcode 9.3";
			developmentRegion = en;
			hasScannedForEncodings = 0;
			knownRegions = (
				en,
				Base,
			);
			mainGroup = 7C63948926C14E8300939F40;
			packageReferences = (
				7CC20EAF272B183E00137F51 /* XCRemoteSwiftPackageReference "ChartView" */,
				7C0E48DC276BB3BF005EFA62 /* XCRemoteSwiftPackageReference "swift-algorithms" */,
			);
			productRefGroup = 7C63949326C14E8300939F40 /* Products */;
			projectDirPath = "";
			projectRoot = "";
			targets = (
				7C63949126C14E8300939F40 /* LeftPocket */,
			);
		};
/* End PBXProject section */

/* Begin PBXResourcesBuildPhase section */
		7C63949026C14E8300939F40 /* Resources */ = {
			isa = PBXResourcesBuildPhase;
			buildActionMask = 2147483647;
			files = (
				7C4CE7062773B2330070B16E /* LaunchScreen.storyboard in Resources */,
				7C63949D26C14E8400939F40 /* Preview Assets.xcassets in Resources */,
				7C63949A26C14E8400939F40 /* Assets.xcassets in Resources */,
			);
			runOnlyForDeploymentPostprocessing = 0;
		};
/* End PBXResourcesBuildPhase section */

/* Begin PBXSourcesBuildPhase section */
		7C63948E26C14E8300939F40 /* Sources */ = {
			isa = PBXSourcesBuildPhase;
			buildActionMask = 2147483647;
			files = (
				7CC20EB3272B19D200137F51 /* HelpView.swift in Sources */,
				7C45E1FA289AD8AC005D89CF /* StudyDetailView.swift in Sources */,
				7CB3EB9D26C3093D009E8DF3 /* CellView.swift in Sources */,
				7C6394A926C14F6400939F40 /* SessionsListView.swift in Sources */,
				7C8134C3272A13B6004E1CE1 /* ViewModifiers.swift in Sources */,
				7C20CFB2271E2D1600739764 /* OnboardingView.swift in Sources */,
				7C8834102735BB5D0093B201 /* NewLocationViewModel.swift in Sources */,
				7C2FC657273EF1E600E3BE0B /* ProfitByStakesView.swift in Sources */,
				7C65B188272C3A5A00AFE796 /* NewLocationView.swift in Sources */,
				7C468EFB273974E6000CA4B3 /* BarGraphView.swift in Sources */,
				7C63949826C14E8300939F40 /* ContentView.swift in Sources */,
				7CB3EBA126C345A1009E8DF3 /* MetricsCardView.swift in Sources */,
				7C6394AB26C14F6B00939F40 /* SettingsView.swift in Sources */,
				7C2B3E6626F5488E00B84D52 /* PrimaryButton.swift in Sources */,
				7C4254A12784E25C00B5DA79 /* ProfitByYear.swift in Sources */,
				7CF53F1C289A9CE500C26AD5 /* StudyView.swift in Sources */,
				7CDB04812776141C008C5233 /* AppReviewRequest.swift in Sources */,
				7C7B2F8B26D5A2A90069F9C5 /* SessionListViewModel.swift in Sources */,
				7CB3EBA326C3485C009E8DF3 /* NewSessionView.swift in Sources */,
				7CED6EA827517D7F00E18053 /* Array+Ext.swift in Sources */,
				7CDFBFA827FF2D5200BC85A1 /* NewChartView.swift in Sources */,
				7C20CFB4271F4EB700739764 /* SecondaryButton.swift in Sources */,
				7C0208DB26F24B4900AC6151 /* Date+Ext.swift in Sources */,
				7CBEF44427596A6600744F4A /* CustomChartView.swift in Sources */,
				7C3F43AA27284CD800A9C842 /* NumberFormatter.swift in Sources */,
				7C6394A726C14F5600939F40 /* MetricsView.swift in Sources */,
				7C8134C02729F1BE004E1CE1 /* ProfitByMonth.swift in Sources */,
				7C63949626C14E8300939F40 /* LeftPocketApp.swift in Sources */,
				7C3F43AC2728512700A9C842 /* LocationModel.swift in Sources */,
				7CF53F1E289A9EA300C26AD5 /* StudyCardView.swift in Sources */,
				7C468EFD273980F7000CA4B3 /* Animations+Ext.swift in Sources */,
				7CBEF44627596DEE00744F4A /* Colors+Ext.swift in Sources */,
				7CB3EB9F26C310F5009E8DF3 /* SessionDetailView.swift in Sources */,
				7C68FE3F26D670100019BA53 /* LeftPocketTabView.swift in Sources */,
				7C4CE70227729E4D0070B16E /* UIWindow+Ext.swift in Sources */,
				7CFD0D7B26ECD8AA000C7C0E /* DismissButton.swift in Sources */,
				7C897F192891BC1700E42FDA /* LocationsListView.swift in Sources */,
				7C68FE4326D7CEA40019BA53 /* RecentSessionCardView.swift in Sources */,
				7CEC885727298ECE00A9DAB7 /* EmptyStateMetricsBankroll.swift in Sources */,
				7C5997AB27872FCF00966764 /* ProfitByYearViewModel.swift in Sources */,
				7C68FE4126D709530019BA53 /* PlusButton.swift in Sources */,
				7C15DD39276D575600889FB2 /* PlaceholderView.swift in Sources */,
				7CBBE474277BA7B400986613 /* LineChartProvider.swift in Sources */,
				7C7F4F6E270E610E002ECF6D /* ProfitByLocationView.swift in Sources */,
				7C4CE7042773560D0070B16E /* DefaultLocations.swift in Sources */,
				7CB3EBA526C352C6009E8DF3 /* Model.swift in Sources */,
				7CCE17D526D9A07300B9F6CC /* NewSessionViewModel.swift in Sources */,
				7C5EDA1828906F25008ACFEF /* EditLocationView.swift in Sources */,
				7C483256270E3F32005AAFA1 /* FilterCardView.swift in Sources */,
				7C25CB5327887D9200866511 /* CustomPicker.swift in Sources */,
				7C2B3E6926F565B200B84D52 /* EmptyState.swift in Sources */,
				7C1F8C82271094B50068E8B1 /* ProfitByWeekdayView.swift in Sources */,
				7CEB761F26D9A77E006170EF /* Alerts.swift in Sources */,
				7C6394AD26C14FA600939F40 /* HeaderView.swift in Sources */,
			);
			runOnlyForDeploymentPostprocessing = 0;
		};
/* End PBXSourcesBuildPhase section */

/* Begin XCBuildConfiguration section */
		7C63949F26C14E8400939F40 /* Debug */ = {
			isa = XCBuildConfiguration;
			buildSettings = {
				ALWAYS_SEARCH_USER_PATHS = NO;
				CLANG_ANALYZER_NONNULL = YES;
				CLANG_ANALYZER_NUMBER_OBJECT_CONVERSION = YES_AGGRESSIVE;
				CLANG_CXX_LANGUAGE_STANDARD = "gnu++14";
				CLANG_CXX_LIBRARY = "libc++";
				CLANG_ENABLE_MODULES = YES;
				CLANG_ENABLE_OBJC_ARC = YES;
				CLANG_ENABLE_OBJC_WEAK = YES;
				CLANG_WARN_BLOCK_CAPTURE_AUTORELEASING = YES;
				CLANG_WARN_BOOL_CONVERSION = YES;
				CLANG_WARN_COMMA = YES;
				CLANG_WARN_CONSTANT_CONVERSION = YES;
				CLANG_WARN_DEPRECATED_OBJC_IMPLEMENTATIONS = YES;
				CLANG_WARN_DIRECT_OBJC_ISA_USAGE = YES_ERROR;
				CLANG_WARN_DOCUMENTATION_COMMENTS = YES;
				CLANG_WARN_EMPTY_BODY = YES;
				CLANG_WARN_ENUM_CONVERSION = YES;
				CLANG_WARN_INFINITE_RECURSION = YES;
				CLANG_WARN_INT_CONVERSION = YES;
				CLANG_WARN_NON_LITERAL_NULL_CONVERSION = YES;
				CLANG_WARN_OBJC_IMPLICIT_RETAIN_SELF = YES;
				CLANG_WARN_OBJC_LITERAL_CONVERSION = YES;
				CLANG_WARN_OBJC_ROOT_CLASS = YES_ERROR;
				CLANG_WARN_QUOTED_INCLUDE_IN_FRAMEWORK_HEADER = YES;
				CLANG_WARN_RANGE_LOOP_ANALYSIS = YES;
				CLANG_WARN_STRICT_PROTOTYPES = YES;
				CLANG_WARN_SUSPICIOUS_MOVE = YES;
				CLANG_WARN_UNGUARDED_AVAILABILITY = YES_AGGRESSIVE;
				CLANG_WARN_UNREACHABLE_CODE = YES;
				CLANG_WARN__DUPLICATE_METHOD_MATCH = YES;
				COPY_PHASE_STRIP = NO;
				DEBUG_INFORMATION_FORMAT = dwarf;
				ENABLE_STRICT_OBJC_MSGSEND = YES;
				ENABLE_TESTABILITY = YES;
				GCC_C_LANGUAGE_STANDARD = gnu11;
				GCC_DYNAMIC_NO_PIC = NO;
				GCC_NO_COMMON_BLOCKS = YES;
				GCC_OPTIMIZATION_LEVEL = 0;
				GCC_PREPROCESSOR_DEFINITIONS = (
					"DEBUG=1",
					"$(inherited)",
				);
				GCC_WARN_64_TO_32_BIT_CONVERSION = YES;
				GCC_WARN_ABOUT_RETURN_TYPE = YES_ERROR;
				GCC_WARN_UNDECLARED_SELECTOR = YES;
				GCC_WARN_UNINITIALIZED_AUTOS = YES_AGGRESSIVE;
				GCC_WARN_UNUSED_FUNCTION = YES;
				GCC_WARN_UNUSED_VARIABLE = YES;
				IPHONEOS_DEPLOYMENT_TARGET = 15.0;
				MTL_ENABLE_DEBUG_INFO = INCLUDE_SOURCE;
				MTL_FAST_MATH = YES;
				ONLY_ACTIVE_ARCH = YES;
				SDKROOT = iphoneos;
				SWIFT_ACTIVE_COMPILATION_CONDITIONS = DEBUG;
				SWIFT_OPTIMIZATION_LEVEL = "-Onone";
			};
			name = Debug;
		};
		7C6394A026C14E8400939F40 /* Release */ = {
			isa = XCBuildConfiguration;
			buildSettings = {
				ALWAYS_SEARCH_USER_PATHS = NO;
				CLANG_ANALYZER_NONNULL = YES;
				CLANG_ANALYZER_NUMBER_OBJECT_CONVERSION = YES_AGGRESSIVE;
				CLANG_CXX_LANGUAGE_STANDARD = "gnu++14";
				CLANG_CXX_LIBRARY = "libc++";
				CLANG_ENABLE_MODULES = YES;
				CLANG_ENABLE_OBJC_ARC = YES;
				CLANG_ENABLE_OBJC_WEAK = YES;
				CLANG_WARN_BLOCK_CAPTURE_AUTORELEASING = YES;
				CLANG_WARN_BOOL_CONVERSION = YES;
				CLANG_WARN_COMMA = YES;
				CLANG_WARN_CONSTANT_CONVERSION = YES;
				CLANG_WARN_DEPRECATED_OBJC_IMPLEMENTATIONS = YES;
				CLANG_WARN_DIRECT_OBJC_ISA_USAGE = YES_ERROR;
				CLANG_WARN_DOCUMENTATION_COMMENTS = YES;
				CLANG_WARN_EMPTY_BODY = YES;
				CLANG_WARN_ENUM_CONVERSION = YES;
				CLANG_WARN_INFINITE_RECURSION = YES;
				CLANG_WARN_INT_CONVERSION = YES;
				CLANG_WARN_NON_LITERAL_NULL_CONVERSION = YES;
				CLANG_WARN_OBJC_IMPLICIT_RETAIN_SELF = YES;
				CLANG_WARN_OBJC_LITERAL_CONVERSION = YES;
				CLANG_WARN_OBJC_ROOT_CLASS = YES_ERROR;
				CLANG_WARN_QUOTED_INCLUDE_IN_FRAMEWORK_HEADER = YES;
				CLANG_WARN_RANGE_LOOP_ANALYSIS = YES;
				CLANG_WARN_STRICT_PROTOTYPES = YES;
				CLANG_WARN_SUSPICIOUS_MOVE = YES;
				CLANG_WARN_UNGUARDED_AVAILABILITY = YES_AGGRESSIVE;
				CLANG_WARN_UNREACHABLE_CODE = YES;
				CLANG_WARN__DUPLICATE_METHOD_MATCH = YES;
				COPY_PHASE_STRIP = NO;
				DEBUG_INFORMATION_FORMAT = "dwarf-with-dsym";
				ENABLE_NS_ASSERTIONS = NO;
				ENABLE_STRICT_OBJC_MSGSEND = YES;
				GCC_C_LANGUAGE_STANDARD = gnu11;
				GCC_NO_COMMON_BLOCKS = YES;
				GCC_WARN_64_TO_32_BIT_CONVERSION = YES;
				GCC_WARN_ABOUT_RETURN_TYPE = YES_ERROR;
				GCC_WARN_UNDECLARED_SELECTOR = YES;
				GCC_WARN_UNINITIALIZED_AUTOS = YES_AGGRESSIVE;
				GCC_WARN_UNUSED_FUNCTION = YES;
				GCC_WARN_UNUSED_VARIABLE = YES;
				IPHONEOS_DEPLOYMENT_TARGET = 15.0;
				MTL_ENABLE_DEBUG_INFO = NO;
				MTL_FAST_MATH = YES;
				SDKROOT = iphoneos;
				SWIFT_COMPILATION_MODE = wholemodule;
				SWIFT_OPTIMIZATION_LEVEL = "-O";
				VALIDATE_PRODUCT = YES;
			};
			name = Release;
		};
		7C6394A226C14E8400939F40 /* Debug */ = {
			isa = XCBuildConfiguration;
			buildSettings = {
				ASSETCATALOG_COMPILER_APPICON_NAME = AppIcon;
				ASSETCATALOG_COMPILER_GLOBAL_ACCENT_COLOR_NAME = AccentColor;
				ASSETCATALOG_COMPILER_INCLUDE_ALL_APPICON_ASSETS = YES;
				CODE_SIGN_STYLE = Automatic;
				CURRENT_PROJECT_VERSION = 9;
				DEVELOPMENT_ASSET_PATHS = "\"PokerTracker/Preview Content\"";
				DEVELOPMENT_TEAM = J3YC22CPKU;
				ENABLE_PREVIEWS = YES;
				INFOPLIST_FILE = PokerTracker/Info.plist;
				IPHONEOS_DEPLOYMENT_TARGET = 15.0;
				LD_RUNPATH_SEARCH_PATHS = (
					"$(inherited)",
					"@executable_path/Frameworks",
				);
				MARKETING_VERSION = 1.1.3;
				PRODUCT_BUNDLE_IDENTIFIER = com.chrisnachtrieb.LeftPocket;
				PRODUCT_NAME = "$(TARGET_NAME)";
				SWIFT_VERSION = 5.0;
				TARGETED_DEVICE_FAMILY = 1;
			};
			name = Debug;
		};
		7C6394A326C14E8400939F40 /* Release */ = {
			isa = XCBuildConfiguration;
			buildSettings = {
				ASSETCATALOG_COMPILER_APPICON_NAME = AppIcon;
				ASSETCATALOG_COMPILER_GLOBAL_ACCENT_COLOR_NAME = AccentColor;
				ASSETCATALOG_COMPILER_INCLUDE_ALL_APPICON_ASSETS = YES;
				CODE_SIGN_STYLE = Automatic;
				CURRENT_PROJECT_VERSION = 9;
				DEVELOPMENT_ASSET_PATHS = "\"PokerTracker/Preview Content\"";
				DEVELOPMENT_TEAM = J3YC22CPKU;
				ENABLE_PREVIEWS = YES;
				INFOPLIST_FILE = PokerTracker/Info.plist;
				IPHONEOS_DEPLOYMENT_TARGET = 15.0;
				LD_RUNPATH_SEARCH_PATHS = (
					"$(inherited)",
					"@executable_path/Frameworks",
				);
				MARKETING_VERSION = 1.1.3;
				PRODUCT_BUNDLE_IDENTIFIER = com.chrisnachtrieb.LeftPocket;
				PRODUCT_NAME = "$(TARGET_NAME)";
				SWIFT_VERSION = 5.0;
				TARGETED_DEVICE_FAMILY = 1;
			};
			name = Release;
		};
/* End XCBuildConfiguration section */

/* Begin XCConfigurationList section */
		7C63948D26C14E8300939F40 /* Build configuration list for PBXProject "LeftPocket" */ = {
			isa = XCConfigurationList;
			buildConfigurations = (
				7C63949F26C14E8400939F40 /* Debug */,
				7C6394A026C14E8400939F40 /* Release */,
			);
			defaultConfigurationIsVisible = 0;
			defaultConfigurationName = Release;
		};
		7C6394A126C14E8400939F40 /* Build configuration list for PBXNativeTarget "LeftPocket" */ = {
			isa = XCConfigurationList;
			buildConfigurations = (
				7C6394A226C14E8400939F40 /* Debug */,
				7C6394A326C14E8400939F40 /* Release */,
			);
			defaultConfigurationIsVisible = 0;
			defaultConfigurationName = Release;
		};
/* End XCConfigurationList section */

/* Begin XCRemoteSwiftPackageReference section */
		7C0E48DC276BB3BF005EFA62 /* XCRemoteSwiftPackageReference "swift-algorithms" */ = {
			isa = XCRemoteSwiftPackageReference;
			repositoryURL = "https://github.com/apple/swift-algorithms.git";
			requirement = {
				kind = upToNextMajorVersion;
				minimumVersion = 1.0.0;
			};
		};
		7CC20EAF272B183E00137F51 /* XCRemoteSwiftPackageReference "ChartView" */ = {
			isa = XCRemoteSwiftPackageReference;
			repositoryURL = "https://github.com/AppPear/ChartView";
			requirement = {
				kind = upToNextMajorVersion;
				minimumVersion = 1.5.5;
			};
		};
/* End XCRemoteSwiftPackageReference section */

/* Begin XCSwiftPackageProductDependency section */
		7CC20EB0272B183E00137F51 /* SwiftUICharts */ = {
			isa = XCSwiftPackageProductDependency;
			package = 7CC20EAF272B183E00137F51 /* XCRemoteSwiftPackageReference "ChartView" */;
			productName = SwiftUICharts;
		};
/* End XCSwiftPackageProductDependency section */
	};
	rootObject = 7C63948A26C14E8300939F40 /* Project object */;
}
