{
  "originHash" : "330aef4cef0f1fcf66087fdaa3b060181a4d26b5aaffbcee3052d2434c69418c",
  "pins" : [
    {
      "identity" : "glur",
      "kind" : "remoteSourceControl",
      "location" : "https://github.com/joogps/Glur.git",
      "state" : {
        "revision" : "9e00ff79da318f2c78b749b1027e54a9d4de2e33",
        "version" : "1.0.4"
      }
    },
    {
      "identity" : "ios-branch-deep-linking",
      "kind" : "remoteSourceControl",
      "location" : "https://github.com/BranchMetrics/ios-branch-deep-linking",
      "state" : {
        "revision" : "89dea0c8559182f1135f3e9c130256933da7f517",
        "version" : "3.4.1"
      }
    },
    {
      "identity" : "lottie-spm",
      "kind" : "remoteSourceControl",
      "location" : "https://github.com/airbnb/lottie-spm.git",
      "state" : {
        "revision" : "8c6edf4f0fa84fe9c058600a4295eb0c01661c69",
        "version" : "4.5.1"
      }
    },
    {
      "identity" : "purchases-ios",
      "kind" : "remoteSourceControl",
      "location" : "https://github.com/RevenueCat/purchases-ios.git",
      "state" : {
        "revision" : "fa7959128ab37802b04a77939185bf630bb98605",
        "version" : "4.29.0"
      }
    },
    {
      "identity" : "swift-algorithms",
      "kind" : "remoteSourceControl",
      "location" : "https://github.com/apple/swift-algorithms.git",
      "state" : {
        "revision" : "b14b7f4c528c942f121c8b860b9410b2bf57825e",
        "version" : "1.0.0"
      }
    },
    {
      "identity" : "swift-numerics",
      "kind" : "remoteSourceControl",
      "location" : "https://github.com/apple/swift-numerics",
      "state" : {
        "revision" : "0a5bc04095a675662cf24757cc0640aa2204253b",
        "version" : "1.0.2"
      }
    },
    {
      "identity" : "swiftui-interface-orientation",
      "kind" : "remoteSourceControl",
      "location" : "https://github.com/wvteijlingen/swiftui-interface-orientation.git",
      "state" : {
        "revision" : "30054c7ad385821ec76a4654447b2ae1fd436f01",
        "version" : "1.0.0"
      }
    }
  ],
  "version" : 3
}
