{
  "originHash" : "6f7e3b07658e9bd87436d51f33b0468aeea22080087c324d2e70d55d5e98248b",
  "pins" : [
    {
      "identity" : "glur",
      "kind" : "remoteSourceControl",
      "location" : "https://github.com/joogps/Glur.git",
      "state" : {
        "revision" : "9e00ff79da318f2c78b749b1027e54a9d4de2e33",
        "version" : "1.0.4"
      }
    },
    {
      "identity" : "ios-branch-deep-linking",
      "kind" : "remoteSourceControl",
      "location" : "https://github.com/BranchMetrics/ios-branch-deep-linking",
      "state" : {
        "revision" : "ab9c9d675f946eb43bef11886a9d96cd5bef32a8",
        "version" : "3.10.0"
      }
    },
    {
      "identity" : "lottie-spm",
      "kind" : "remoteSourceControl",
      "location" : "https://github.com/airbnb/lottie-spm.git",
      "state" : {
        "revision" : "8c6edf4f0fa84fe9c058600a4295eb0c01661c69",
        "version" : "4.5.1"
      }
    },
    {
      "identity" : "purchases-ios",
      "kind" : "remoteSourceControl",
      "location" : "https://github.com/RevenueCat/purchases-ios.git",
      "state" : {
        "revision" : "84e860c081dc48bda81d5a51514f43218b2f4bf1",
        "version" : "5.22.1"
      }
    },
    {
      "identity" : "swift-algorithms",
      "kind" : "remoteSourceControl",
      "location" : "https://github.com/apple/swift-algorithms.git",
      "state" : {
        "revision" : "87e50f483c54e6efd60e885f7f5aa946cee68023",
        "version" : "1.2.1"
      }
    },
    {
      "identity" : "swift-numerics",
      "kind" : "remoteSourceControl",
      "location" : "https://github.com/apple/swift-numerics.git",
      "state" : {
        "revision" : "e0ec0f5f3af6f3e4d5e7a19d2af26b481acb6ba8",
        "version" : "1.0.3"
      }
    },
    {
      "identity" : "swiftui-interface-orientation",
      "kind" : "remoteSourceControl",
      "location" : "https://github.com/wvteijlingen/swiftui-interface-orientation.git",
      "state" : {
        "revision" : "30054c7ad385821ec76a4654447b2ae1fd436f01",
        "version" : "1.0.0"
      }
    }
  ],
  "version" : 3
}
